Microsoft Visual Studio Solution File, Format Version 12.00
# Visual Studio Version 16
VisualStudioVersion = 16.0.28803.452
MinimumVisualStudioVersion = 10.0.40219.1
Project("{2150E333-8FDC-42A3-9474-1A3956D46DE8}") = "ServiceBase.OData", "ServiceBase.OData", "{E6828D8E-C0CB-430B-9C6C-4CDA98D1A7EC}"
EndProject
Project("{9A19103F-16F7-4668-BE54-9A1E7A4F7556}") = "ServiceBase.OData.Core", "src\ServiceBase.OData.Core\ServiceBase.OData.Core.csproj", "{F6A8BEC5-670A-49B0-9604-714BFB435951}"
EndProject
Project("{9A19103F-16F7-4668-BE54-9A1E7A4F7556}") = "ServiceBase.OData.Infrastructure", "src\ServiceBase.OData.Infrastructure\ServiceBase.OData.Infrastructure.csproj", "{85DCBE2F-A3A0-4723-94E3-AF5DC4CC0E90}"
EndProject
Project("{9A19103F-16F7-4668-BE54-9A1E7A4F7556}") = "ServiceBase.OData.Web", "src\ServiceBase.OData.Web\ServiceBase.OData.Web.csproj", "{50A69A28-4CA9-4F07-B9D6-E06A71BE46AC}"
EndProject
Global
	GlobalSection(SolutionConfigurationPlatforms) = preSolution
		Debug|Any CPU = Debug|Any CPU
		Debug|x64 = Debug|x64
		Debug|x86 = Debug|x86
		Release|Any CPU = Release|Any CPU
		Release|x64 = Release|x64
		Release|x86 = Release|x86
	EndGlobalSection
	GlobalSection(ProjectConfigurationPlatforms) = postSolution
		{F6A8BEC5-670A-49B0-9604-714BFB435951}.Debug|Any CPU.ActiveCfg = Debug|Any CPU
		{F6A8BEC5-670A-49B0-9604-714BFB435951}.Debug|Any CPU.Build.0 = Debug|Any CPU
		{F6A8BEC5-670A-49B0-9604-714BFB435951}.Debug|x64.ActiveCfg = Debug|Any CPU
		{F6A8BEC5-670A-49B0-9604-714BFB435951}.Debug|x64.Build.0 = Debug|Any CPU
		{F6A8BEC5-670A-49B0-9604-714BFB435951}.Debug|x86.ActiveCfg = Debug|Any CPU
		{F6A8BEC5-670A-49B0-9604-714BFB435951}.Debug|x86.Build.0 = Debug|Any CPU
		{F6A8BEC5-670A-49B0-9604-714BFB435951}.Release|Any CPU.ActiveCfg = Release|Any CPU
		{F6A8BEC5-670A-49B0-9604-714BFB435951}.Release|Any CPU.Build.0 = Release|Any CPU
		{F6A8BEC5-670A-49B0-9604-714BFB435951}.Release|x64.ActiveCfg = Release|Any CPU
		{F6A8BEC5-670A-49B0-9604-714BFB435951}.Release|x64.Build.0 = Release|Any CPU
		{F6A8BEC5-670A-49B0-9604-714BFB435951}.Release|x86.ActiveCfg = Release|Any CPU
		{F6A8BEC5-670A-49B0-9604-714BFB435951}.Release|x86.Build.0 = Release|Any CPU
		{85DCBE2F-A3A0-4723-94E3-AF5DC4CC0E90}.Debug|Any CPU.ActiveCfg = Debug|Any CPU
		{85DCBE2F-A3A0-4723-94E3-AF5DC4CC0E90}.Debug|Any CPU.Build.0 = Debug|Any CPU
		{85DCBE2F-A3A0-4723-94E3-AF5DC4CC0E90}.Debug|x64.ActiveCfg = Debug|Any CPU
		{85DCBE2F-A3A0-4723-94E3-AF5DC4CC0E90}.Debug|x64.Build.0 = Debug|Any CPU
		{85DCBE2F-A3A0-4723-94E3-AF5DC4CC0E90}.Debug|x86.ActiveCfg = Debug|Any CPU
		{85DCBE2F-A3A0-4723-94E3-AF5DC4CC0E90}.Debug|x86.Build.0 = Debug|Any CPU
		{85DCBE2F-A3A0-4723-94E3-AF5DC4CC0E90}.Release|Any CPU.ActiveCfg = Release|Any CPU
		{85DCBE2F-A3A0-4723-94E3-AF5DC4CC0E90}.Release|Any CPU.Build.0 = Release|Any CPU
		{85DCBE2F-A3A0-4723-94E3-AF5DC4CC0E90}.Release|x64.ActiveCfg = Release|Any CPU
		{85DCBE2F-A3A0-4723-94E3-AF5DC4CC0E90}.Release|x64.Build.0 = Release|Any CPU
		{85DCBE2F-A3A0-4723-94E3-AF5DC4CC0E90}.Release|x86.ActiveCfg = Release|Any CPU
		{85DCBE2F-A3A0-4723-94E3-AF5DC4CC0E90}.Release|x86.Build.0 = Release|Any CPU
		{50A69A28-4CA9-4F07-B9D6-E06A71BE46AC}.Debug|Any CPU.ActiveCfg = Debug|Any CPU
		{50A69A28-4CA9-4F07-B9D6-E06A71BE46AC}.Debug|Any CPU.Build.0 = Debug|Any CPU
		{50A69A28-4CA9-4F07-B9D6-E06A71BE46AC}.Debug|x64.ActiveCfg = Debug|Any CPU
		{50A69A28-4CA9-4F07-B9D6-E06A71BE46AC}.Debug|x64.Build.0 = Debug|Any CPU
		{50A69A28-4CA9-4F07-B9D6-E06A71BE46AC}.Debug|x86.ActiveCfg = Debug|Any CPU
		{50A69A28-4CA9-4F07-B9D6-E06A71BE46AC}.Debug|x86.Build.0 = Debug|Any CPU
		{50A69A28-4CA9-4F07-B9D6-E06A71BE46AC}.Release|Any CPU.ActiveCfg = Release|Any CPU
		{50A69A28-4CA9-4F07-B9D6-E06A71BE46AC}.Release|Any CPU.Build.0 = Release|Any CPU
		{50A69A28-4CA9-4F07-B9D6-E06A71BE46AC}.Release|x64.ActiveCfg = Release|Any CPU
		{50A69A28-4CA9-4F07-B9D6-E06A71BE46AC}.Release|x64.Build.0 = Release|Any CPU
		{50A69A28-4CA9-4F07-B9D6-E06A71BE46AC}.Release|x86.ActiveCfg = Release|Any CPU
		{50A69A28-4CA9-4F07-B9D6-E06A71BE46AC}.Release|x86.Build.0 = Release|Any CPU
	EndGlobalSection
	GlobalSection(SolutionProperties) = preSolution
		HideSolutionNode = FALSE
	EndGlobalSection
	GlobalSection(NestedProjects) = preSolution
		{F6A8BEC5-670A-49B0-9604-714BFB435951} = {E6828D8E-C0CB-430B-9C6C-4CDA98D1A7EC}
		{85DCBE2F-A3A0-4723-94E3-AF5DC4CC0E90} = {E6828D8E-C0CB-430B-9C6C-4CDA98D1A7EC}
		{50A69A28-4CA9-4F07-B9D6-E06A71BE46AC} = {E6828D8E-C0CB-430B-9C6C-4CDA98D1A7EC}
	EndGlobalSection
	GlobalSection(ExtensibilityGlobals) = postSolution
		SolutionGuid = {F5A53FDB-17FE-4816-BE3D-1CAB684265C1}
	EndGlobalSection
EndGlobal
